[[package]]
name = "hachoir"
version = "3.1.2"
description = "Package of Hachoir parsers used to open binary files"
category = "main"
optional = false
python-versions = "*"

[package.extras]
urwid = ["urwid (==1.3.1)"]

[[package]]
name = "invoke"
version = "1.6.0"
description = "Pythonic task execution"
category = "main"
optional = false
python-versions = "*"

[metadata]
lock-version = "1.1"
python-versions = "^3.8"
content-hash = "dc8cbd29f3a7e3d545c0b37813e91fd45241960a2490d6c600a0bc6d9c79e546"

[metadata.files]
hachoir = [
    {file = "hachoir-3.1.2-py3-none-any.whl", hash = "sha256:b17ba5907b7836b2204ef724e7992d2e794311596e2121098912a9f3c4e69273"},
    {file = "hachoir-3.1.2.tar.gz", hash = "sha256:bc1259b1e2970532b2dbd99139cb0de59d9bb8904eb1489c3e8a82c979c98f23"},
]
invoke = [
    {file = "invoke-1.6.0-py2-none-any.whl", hash = "sha256:e6c9917a1e3e73e7ea91fdf82d5f151ccfe85bf30cc65cdb892444c02dbb5f74"},
    {file = "invoke-1.6.0-py3-none-any.whl", hash = "sha256:769e90caeb1bd07d484821732f931f1ad8916a38e3f3e618644687fc09cb6317"},
    {file = "invoke-1.6.0.tar.gz", hash = "sha256:374d1e2ecf78981da94bfaf95366216aaec27c2d6a7b7d5818d92da55aa258d3"},
]
